
Microsoft Visual Studio Solution File, Format Version 12.00
Project("{FAE04EC0-301F-11D3-BF4B-00C04F79EFBC}") = "massiivn", "massiivn\massiivn.csproj", "{11DFAC93-4B32-40DC-BA72-E418A0D0E6B4}"
EndProject
Project("{FAE04EC0-301F-11D3-BF4B-00C04F79EFBC}") = "uus", "uus\uus.csproj", "{6EC4C0CA-8BBD-4B64-928F-DCDE1086E172}"
EndProject
Project("{FAE04EC0-301F-11D3-BF4B-00C04F79EFBC}") = "uus1", "uus1\uus1.csproj", "{6AAF0961-EE68-4843-9F01-C5DAC9875516}"
EndProject
Project("{FAE04EC0-301F-11D3-BF4B-00C04F79EFBC}") = "eelmise nädala kordamine", "eelmise nädala kordamine\eelmise nädala kordamine.csproj", "{E0D2D459-8F64-4E05-871C-462A78C92541}"
EndProject
Global
	GlobalSection(SolutionConfigurationPlatforms) = preSolution
		Debug|Any CPU = Debug|Any CPU
		Release|Any CPU = Release|Any CPU
	EndGlobalSection
	GlobalSection(ProjectConfigurationPlatforms) = postSolution
		{11DFAC93-4B32-40DC-BA72-E418A0D0E6B4}.Debug|Any CPU.ActiveCfg = Debug|Any CPU
		{11DFAC93-4B32-40DC-BA72-E418A0D0E6B4}.Debug|Any CPU.Build.0 = Debug|Any CPU
		{11DFAC93-4B32-40DC-BA72-E418A0D0E6B4}.Release|Any CPU.ActiveCfg = Release|Any CPU
		{11DFAC93-4B32-40DC-BA72-E418A0D0E6B4}.Release|Any CPU.Build.0 = Release|Any CPU
		{6EC4C0CA-8BBD-4B64-928F-DCDE1086E172}.Debug|Any CPU.ActiveCfg = Debug|Any CPU
		{6EC4C0CA-8BBD-4B64-928F-DCDE1086E172}.Debug|Any CPU.Build.0 = Debug|Any CPU
		{6EC4C0CA-8BBD-4B64-928F-DCDE1086E172}.Release|Any CPU.ActiveCfg = Release|Any CPU
		{6EC4C0CA-8BBD-4B64-928F-DCDE1086E172}.Release|Any CPU.Build.0 = Release|Any CPU
		{6AAF0961-EE68-4843-9F01-C5DAC9875516}.Debug|Any CPU.ActiveCfg = Debug|Any CPU
		{6AAF0961-EE68-4843-9F01-C5DAC9875516}.Debug|Any CPU.Build.0 = Debug|Any CPU
		{6AAF0961-EE68-4843-9F01-C5DAC9875516}.Release|Any CPU.ActiveCfg = Release|Any CPU
		{6AAF0961-EE68-4843-9F01-C5DAC9875516}.Release|Any CPU.Build.0 = Release|Any CPU
		{E0D2D459-8F64-4E05-871C-462A78C92541}.Debug|Any CPU.ActiveCfg = Debug|Any CPU
		{E0D2D459-8F64-4E05-871C-462A78C92541}.Debug|Any CPU.Build.0 = Debug|Any CPU
		{E0D2D459-8F64-4E05-871C-462A78C92541}.Release|Any CPU.ActiveCfg = Release|Any CPU
		{E0D2D459-8F64-4E05-871C-462A78C92541}.Release|Any CPU.Build.0 = Release|Any CPU
	EndGlobalSection
EndGlobal
